Microsoft Visual Studio Solution File, Format Version 11.00
# Visual Studio 2008

Project("{55DCDF01-7B51-FC96-F7B5-F9D63013B95D}") = "Chat", "Assembly-CSharp-vs.csproj", "{BEAEB153-AF1B-2D23-F70B-388BA67B766A}"
EndProject
Global
	GlobalSection(SolutionConfigurationPlatforms) = preSolution
		Debug|Any CPU = Debug|Any CPU
		Release|Any CPU = Release|Any CPU
	EndGlobalSection
	GlobalSection(ProjectConfigurationPlatforms) = postSolution
		{BEAEB153-AF1B-2D23-F70B-388BA67B766A}.Debug|Any CPU.ActiveCfg = Debug|Any CPU
		{BEAEB153-AF1B-2D23-F70B-388BA67B766A}.Debug|Any CPU.Build.0 = Debug|Any CPU
		{BEAEB153-AF1B-2D23-F70B-388BA67B766A}.Release|Any CPU.ActiveCfg = Release|Any CPU
		{BEAEB153-AF1B-2D23-F70B-388BA67B766A}.Release|Any CPU.Build.0 = Release|Any CPU
	EndGlobalSection
	GlobalSection(SolutionProperties) = preSolution
		HideSolutionNode = FALSE
	EndGlobalSection
				GlobalSection(MonoDevelopProperties) = preSolution
		StartupItem = Assembly-CSharp.csproj
		Policies = $0
		$0.TextStylePolicy = $1
		$1.inheritsSet = null
		$1.scope = text/x-csharp
		$0.CSharpFormattingPolicy = $2
		$2.inheritsSet = Mono
		$2.inheritsScope = text/x-csharp
		$2.scope = text/x-csharp
		$0.TextStylePolicy = $3
		$3.FileWidth = 120
		$3.TabWidth = 4
		$3.EolMarker = Unix
		$3.inheritsSet = Mono
		$3.inheritsScope = text/plain
		$3.scope = text/plain
	EndGlobalSection

EndGlobal
